
Microsoft Visual Studio Solution File, Format Version 12.00
# Visual Studio 15
VisualStudioVersion = 15.0.28307.421
MinimumVisualStudioVersion = 10.0.40219.1
Project("{FAE04EC0-301F-11D3-BF4B-00C04F79EFBC}") = "Working", "Working\Working.csproj", "{56B05F2E-8C23-4E9C-A541-B3919219F5F1}"
EndProject
Global
	GlobalSection(SolutionConfigurationPlatforms) = preSolution
		Debug|Any CPU = Debug|Any CPU
		Release|Any CPU = Release|Any CPU
	EndGlobalSection
	GlobalSection(ProjectConfigurationPlatforms) = postSolution
		{56B05F2E-8C23-4E9C-A541-B3919219F5F1}.Debug|Any CPU.ActiveCfg = Debug|Any CPU
		{56B05F2E-8C23-4E9C-A541-B3919219F5F1}.Debug|Any CPU.Build.0 = Debug|Any CPU
		{56B05F2E-8C23-4E9C-A541-B3919219F5F1}.Release|Any CPU.ActiveCfg = Release|Any CPU
		{56B05F2E-8C23-4E9C-A541-B3919219F5F1}.Release|Any CPU.Build.0 = Release|Any CPU
	EndGlobalSection
	GlobalSection(SolutionProperties) = preSolution
		HideSolutionNode = FALSE
	EndGlobalSection
	GlobalSection(ExtensibilityGlobals) = postSolution
		SolutionGuid = {D68DEFAD-49A4-44EE-843F-926B7007C83C}
	EndGlobalSection
EndGlobal
